// !$*UTF8*$!
{
	archiveVersion = 1;
	classes = {
	};
	objectVersion = 46;
	objects = {

/* Begin PBXBuildFile section */
		70573E4C1D9BCB55004517D1 /* Main.storyboard in Resources */ = {isa = PBXBuildFile; fileRef = 70573E4B1D9BCB55004517D1 /* Main.storyboard */; };
		706159CD1D94231800D2530B /* main.m in Sources */ = {isa = PBXBuildFile; fileRef = 706159CC1D94231800D2530B /* main.m */; };
		706159D01D94231800D2530B /* AppDelegate.m in Sources */ = {isa = PBXBuildFile; fileRef = 706159CF1D94231800D2530B /* AppDelegate.m */; };
		706159D31D94231800D2530B /* ViewController.m in Sources */ = {isa = PBXBuildFile; fileRef = 706159D21D94231800D2530B /* ViewController.m */; };
		706159D81D94231800D2530B /* Assets.xcassets in Resources */ = {isa = PBXBuildFile; fileRef = 706159D71D94231800D2530B /* Assets.xcassets */; };
		706159DB1D94231800D2530B /* LaunchScreen.storyboard in Resources */ = {isa = PBXBuildFile; fileRef = 706159D91D94231800D2530B /* LaunchScreen.storyboard */; };
		70A3981D1DA62BE10046CDAC /* High1.storyboard in Resources */ = {isa = PBXBuildFile; fileRef = 70A3981C1DA62BE10046CDAC /* High1.storyboard */; };
		70A3981F1DA62DB80046CDAC /* High2.storyboard in Resources */ = {isa = PBXBuildFile; fileRef = 70A3981E1DA62DB80046CDAC /* High2.storyboard */; };
		70A398211DA6302D0046CDAC /* High3.storyboard in Resources */ = {isa = PBXBuildFile; fileRef = 70A398201DA6302D0046CDAC /* High3.storyboard */; };
		70A398231DA631400046CDAC /* High4.storyboard in Resources */ = {isa = PBXBuildFile; fileRef = 70A398221DA631400046CDAC /* High4.storyboard */; };
		70A398251DA633EA0046CDAC /* High5.storyboard in Resources */ = {isa = PBXBuildFile; fileRef = 70A398241DA633EA0046CDAC /* High5.storyboard */; };
		70A398611DA646E50046CDAC /* High0.storyboard in Resources */ = {isa = PBXBuildFile; fileRef = 70A398601DA646E50046CDAC /* High0.storyboard */; };
		70A398671DA655BE0046CDAC /* Low0.storyboard in Resources */ = {isa = PBXBuildFile; fileRef = 70A398661DA655BE0046CDAC /* Low0.storyboard */; };
		70A398691DA6565A0046CDAC /* Low1.storyboard in Resources */ = {isa = PBXBuildFile; fileRef = 70A398681DA6565A0046CDAC /* Low1.storyboard */; };
		70A3986B1DA656DC0046CDAC /* Low2.storyboard in Resources */ = {isa = PBXBuildFile; fileRef = 70A3986A1DA656DC0046CDAC /* Low2.storyboard */; };
		70A3986D1DA657B90046CDAC /* Low3.storyboard in Resources */ = {isa = PBXBuildFile; fileRef = 70A3986C1DA657B90046CDAC /* Low3.storyboard */; };
		70A3986F1DA65B9E0046CDAC /* Low4.storyboard in Resources */ = {isa = PBXBuildFile; fileRef = 70A3986E1DA65B9E0046CDAC /* Low4.storyboard */; };
		70D1D89E1DA777D600D3D5FC /* Homepage.storyboard in Resources */ = {isa = PBXBuildFile; fileRef = 70D1D89D1DA777D600D3D5FC /* Homepage.storyboard */; };
		7AAC48412F70DADEDF7716CD /* Pods_HRM.framework in Frameworks */ = {isa = PBXBuildFile; fileRef = 465262FC63B996D9E36968C5 /* Pods_HRM.framework */; };
		A967BA4B1DAE70630051C0AC /* GoogleService-Info.plist in Resources */ = {isa = PBXBuildFile; fileRef = A967BA4A1DAE70630051C0AC /* GoogleService-Info.plist */; };
/* End PBXBuildFile section */

/* Begin PBXFileReference section */
		465262FC63B996D9E36968C5 /* Pods_HRM.framework */ = {isa = PBXFileReference; explicitFileType = wrapper.framework; includeInIndex = 0; path = Pods_HRM.framework; sourceTree = BUILT_PRODUCTS_DIR; };
		70573E4B1D9BCB55004517D1 /* Main.storyboard */ = {isa = PBXFileReference; fileEncoding = 4; lastKnownFileType = file.storyboard; path = Main.storyboard; sourceTree = "<group>"; };
		706159C81D94231800D2530B /* HRM.app */ = {isa = PBXFileReference; explicitFileType = wrapper.application; includeInIndex = 0; path = HRM.app; sourceTree = BUILT_PRODUCTS_DIR; };
		706159CC1D94231800D2530B /* main.m */ = {isa = PBXFileReference; lastKnownFileType = sourcecode.c.objc; path = main.m; sourceTree = "<group>"; };
		706159CE1D94231800D2530B /* AppDelegate.h */ = {isa = PBXFileReference; lastKnownFileType = sourcecode.c.h; path = AppDelegate.h; sourceTree = "<group>"; };
		706159CF1D94231800D2530B /* AppDelegate.m */ = {isa = PBXFileReference; lastKnownFileType = sourcecode.c.objc; path = AppDelegate.m; sourceTree = "<group>"; };
		706159D11D94231800D2530B /* ViewController.h */ = {isa = PBXFileReference; lastKnownFileType = sourcecode.c.h; path = ViewController.h; sourceTree = "<group>"; };
		706159D21D94231800D2530B /* ViewController.m */ = {isa = PBXFileReference; lastKnownFileType = sourcecode.c.objc; path = ViewController.m; sourceTree = "<group>"; };
		706159D71D94231800D2530B /* Assets.xcassets */ = {isa = PBXFileReference; lastKnownFileType = folder.assetcatalog; path = Assets.xcassets; sourceTree = "<group>"; };
		706159DA1D94231800D2530B /* Base */ = {isa = PBXFileReference; lastKnownFileType = file.storyboard; name = Base; path = Base.lproj/LaunchScreen.storyboard; sourceTree = "<group>"; };
		706159DC1D94231900D2530B /* Info.plist */ = {isa = PBXFileReference; lastKnownFileType = text.plist.xml; path = Info.plist; sourceTree = "<group>"; };
		70A3981C1DA62BE10046CDAC /* High1.storyboard */ = {isa = PBXFileReference; fileEncoding = 4; lastKnownFileType = file.storyboard; path = High1.storyboard; sourceTree = "<group>"; };
		70A3981E1DA62DB80046CDAC /* High2.storyboard */ = {isa = PBXFileReference; fileEncoding = 4; lastKnownFileType = file.storyboard; path = High2.storyboard; sourceTree = "<group>"; };
		70A398201DA6302D0046CDAC /* High3.storyboard */ = {isa = PBXFileReference; fileEncoding = 4; lastKnownFileType = file.storyboard; path = High3.storyboard; sourceTree = "<group>"; };
		70A398221DA631400046CDAC /* High4.storyboard */ = {isa = PBXFileReference; fileEncoding = 4; lastKnownFileType = file.storyboard; path = High4.storyboard; sourceTree = "<group>"; };
		70A398241DA633EA0046CDAC /* High5.storyboard */ = {isa = PBXFileReference; fileEncoding = 4; lastKnownFileType = file.storyboard; path = High5.storyboard; sourceTree = "<group>"; };
		70A398601DA646E50046CDAC /* High0.storyboard */ = {isa = PBXFileReference; fileEncoding = 4; lastKnownFileType = file.storyboard; path = High0.storyboard; sourceTree = "<group>"; };
		70A398661DA655BE0046CDAC /* Low0.storyboard */ = {isa = PBXFileReference; fileEncoding = 4; lastKnownFileType = file.storyboard; path = Low0.storyboard; sourceTree = "<group>"; };
		70A398681DA6565A0046CDAC /* Low1.storyboard */ = {isa = PBXFileReference; fileEncoding = 4; lastKnownFileType = file.storyboard; path = Low1.storyboard; sourceTree = "<group>"; };
		70A3986A1DA656DC0046CDAC /* Low2.storyboard */ = {isa = PBXFileReference; fileEncoding = 4; lastKnownFileType = file.storyboard; path = Low2.storyboard; sourceTree = "<group>"; };
		70A3986C1DA657B90046CDAC /* Low3.storyboard */ = {isa = PBXFileReference; fileEncoding = 4; lastKnownFileType = file.storyboard; path = Low3.storyboard; sourceTree = "<group>"; };
		70A3986E1DA65B9E0046CDAC /* Low4.storyboard */ = {isa = PBXFileReference; fileEncoding = 4; lastKnownFileType = file.storyboard; path = Low4.storyboard; sourceTree = "<group>"; };
		70D1D89D1DA777D600D3D5FC /* Homepage.storyboard */ = {isa = PBXFileReference; fileEncoding = 4; lastKnownFileType = file.storyboard; path = Homepage.storyboard; sourceTree = "<group>"; };
		9C326C437B5E56D3CFD3D639 /* Pods-HRM.debug.xcconfig */ = {isa = PBXFileReference; includeInIndex = 1; lastKnownFileType = text.xcconfig; name = "Pods-HRM.debug.xcconfig"; path = "Pods/Target Support Files/Pods-HRM/Pods-HRM.debug.xcconfig"; sourceTree = "<group>"; };
		A967BA4A1DAE70630051C0AC /* GoogleService-Info.plist */ = {isa = PBXFileReference; fileEncoding = 4; lastKnownFileType = text.plist.xml; path = "GoogleService-Info.plist"; sourceTree = "<group>"; };
		C4F51A188CFDA3104D88D8D6 /* Pods-HRM.release.xcconfig */ = {isa = PBXFileReference; includeInIndex = 1; lastKnownFileType = text.xcconfig; name = "Pods-HRM.release.xcconfig"; path = "Pods/Target Support Files/Pods-HRM/Pods-HRM.release.xcconfig"; sourceTree = "<group>"; };
/* End PBXFileReference section */

/* Begin PBXFrameworksBuildPhase section */
		706159C51D94231800D2530B /* Frameworks */ = {
			isa = PBXFrameworksBuildPhase;
			buildActionMask = 2147483647;
			files = (
				7AAC48412F70DADEDF7716CD /* Pods_HRM.framework in Frameworks */,
			);
			runOnlyForDeploymentPostprocessing = 0;
		};
/* End PBXFrameworksBuildPhase section */

/* Begin PBXGroup section */
		4C71E6D023A882DEE3913A04 /* Frameworks */ = {
			isa = PBXGroup;
			children = (
				465262FC63B996D9E36968C5 /* Pods_HRM.framework */,
			);
			name = Frameworks;
			sourceTree = "<group>";
		};
		706159BF1D94231800D2530B = {
			isa = PBXGroup;
			children = (
				706159CA1D94231800D2530B /* HRM */,
				706159C91D94231800D2530B /* Products */,
				F032C6B35B18A5FB77BEF9D7 /* Pods */,
				4C71E6D023A882DEE3913A04 /* Frameworks */,
			);
			sourceTree = "<group>";
		};
		706159C91D94231800D2530B /* Products */ = {
			isa = PBXGroup;
			children = (
				706159C81D94231800D2530B /* HRM.app */,
			);
			name = Products;
			sourceTree = "<group>";
		};
		706159CA1D94231800D2530B /* HRM */ = {
			isa = PBXGroup;
			children = (
				706159CE1D94231800D2530B /* AppDelegate.h */,
				706159CF1D94231800D2530B /* AppDelegate.m */,
				706159D11D94231800D2530B /* ViewController.h */,
				706159D21D94231800D2530B /* ViewController.m */,
				706159D71D94231800D2530B /* Assets.xcassets */,
				706159D91D94231800D2530B /* LaunchScreen.storyboard */,
				706159DC1D94231900D2530B /* Info.plist */,
				A967BA4A1DAE70630051C0AC /* GoogleService-Info.plist */,
				70573E4B1D9BCB55004517D1 /* Main.storyboard */,
				70D1D89D1DA777D600D3D5FC /* Homepage.storyboard */,
				70A398601DA646E50046CDAC /* High0.storyboard */,
				70A3981C1DA62BE10046CDAC /* High1.storyboard */,
				70A3981E1DA62DB80046CDAC /* High2.storyboard */,
				70A398201DA6302D0046CDAC /* High3.storyboard */,
				70A398221DA631400046CDAC /* High4.storyboard */,
				70A398241DA633EA0046CDAC /* High5.storyboard */,
				70A398661DA655BE0046CDAC /* Low0.storyboard */,
				70A398681DA6565A0046CDAC /* Low1.storyboard */,
				70A3986A1DA656DC0046CDAC /* Low2.storyboard */,
				70A3986C1DA657B90046CDAC /* Low3.storyboard */,
				70A3986E1DA65B9E0046CDAC /* Low4.storyboard */,
				706159CB1D94231800D2530B /* Supporting Files */,
			);
			path = HRM;
			sourceTree = "<group>";
		};
		706159CB1D94231800D2530B /* Supporting Files */ = {
			isa = PBXGroup;
			children = (
				706159CC1D94231800D2530B /* main.m */,
			);
			name = "Supporting Files";
			sourceTree = "<group>";
		};
		F032C6B35B18A5FB77BEF9D7 /* Pods */ = {
			isa = PBXGroup;
			children = (
				9C326C437B5E56D3CFD3D639 /* Pods-HRM.debug.xcconfig */,
				C4F51A188CFDA3104D88D8D6 /* Pods-HRM.release.xcconfig */,
			);
			name = Pods;
			sourceTree = "<group>";
		};
/* End PBXGroup section */

/* Begin PBXNativeTarget section */
		706159C71D94231800D2530B /* HRM */ = {
			isa = PBXNativeTarget;
			buildConfigurationList = 706159DF1D94231900D2530B /* Build configuration list for PBXNativeTarget "HRM" */;
			buildPhases = (
				6D8D5DEE2A4B249289C39935 /* [CP] Check Pods Manifest.lock */,
				706159C41D94231800D2530B /* Sources */,
				706159C51D94231800D2530B /* Frameworks */,
				706159C61D94231800D2530B /* Resources */,
				D9BABB4F9217BB8917A21359 /* [CP] Embed Pods Frameworks */,
				BA96787BCA2F54C319990D00 /* [CP] Copy Pods Resources */,
			);
			buildRules = (
			);
			dependencies = (
			);
			name = HRM;
			productName = HRM;
			productReference = 706159C81D94231800D2530B /* HRM.app */;
			productType = "com.apple.product-type.application";
		};
/* End PBXNativeTarget section */

/* Begin PBXProject section */
		706159C01D94231800D2530B /* Project object */ = {
			isa = PBXProject;
			attributes = {
				LastUpgradeCheck = 0800;
				ORGANIZATIONNAME = JimSu;
				TargetAttributes = {
					706159C71D94231800D2530B = {
						CreatedOnToolsVersion = 8.0;
						ProvisioningStyle = Automatic;
					};
				};
			};
			buildConfigurationList = 706159C31D94231800D2530B /* Build configuration list for PBXProject "HRM" */;
			compatibilityVersion = "Xcode 3.2";
			developmentRegion = English;
			hasScannedForEncodings = 0;
			knownRegions = (
				en,
				Base,
			);
			mainGroup = 706159BF1D94231800D2530B;
			productRefGroup = 706159C91D94231800D2530B /* Products */;
			projectDirPath = "";
			projectRoot = "";
			targets = (
				706159C71D94231800D2530B /* HRM */,
			);
		};
/* End PBXProject section */

/* Begin PBXResourcesBuildPhase section */
		706159C61D94231800D2530B /* Resources */ = {
			isa = PBXResourcesBuildPhase;
			buildActionMask = 2147483647;
			files = (
				70A398611DA646E50046CDAC /* High0.storyboard in Resources */,
				70A398691DA6565A0046CDAC /* Low1.storyboard in Resources */,
				70A3986B1DA656DC0046CDAC /* Low2.storyboard in Resources */,
				70A398211DA6302D0046CDAC /* High3.storyboard in Resources */,
				70A3981D1DA62BE10046CDAC /* High1.storyboard in Resources */,
				70573E4C1D9BCB55004517D1 /* Main.storyboard in Resources */,
				70A3986F1DA65B9E0046CDAC /* Low4.storyboard in Resources */,
				70D1D89E1DA777D600D3D5FC /* Homepage.storyboard in Resources */,
				70A398671DA655BE0046CDAC /* Low0.storyboard in Resources */,
				A967BA4B1DAE70630051C0AC /* GoogleService-Info.plist in Resources */,
				70A3986D1DA657B90046CDAC /* Low3.storyboard in Resources */,
				70A3981F1DA62DB80046CDAC /* High2.storyboard in Resources */,
				70A398251DA633EA0046CDAC /* High5.storyboard in Resources */,
				70A398231DA631400046CDAC /* High4.storyboard in Resources */,
				706159DB1D94231800D2530B /* LaunchScreen.storyboard in Resources */,
				706159D81D94231800D2530B /* Assets.xcassets in Resources */,
			);
			runOnlyForDeploymentPostprocessing = 0;
		};
/* End PBXResourcesBuildPhase section */

/* Begin PBXShellScriptBuildPhase section */
		6D8D5DEE2A4B249289C39935 /* [CP] Check Pods Manifest.lock */ = {
			isa = PBXShellScriptBuildPhase;
			buildActionMask = 2147483647;
			files = (
			);
			inputPaths = (
			);
			name = "[CP] Check Pods Manifest.lock";
			outputPaths = (
			);
			runOnlyForDeploymentPostprocessing = 0;
			shellPath = /bin/sh;
			shellScript = "diff \"${PODS_ROOT}/../Podfile.lock\" \"${PODS_ROOT}/Manifest.lock\" > /dev/null\nif [ $? != 0 ] ; then\n    # print error to STDERR\n    echo \"error: The sandbox is not in sync with the Podfile.lock. Run 'pod install' or update your CocoaPods installation.\" >&2\n    exit 1\nfi\n";
			showEnvVarsInLog = 0;
		};
		BA96787BCA2F54C319990D00 /* [CP] Copy Pods Resources */ = {
			isa = PBXShellScriptBuildPhase;
			buildActionMask = 2147483647;
			files = (
			);
			inputPaths = (
			);
			name = "[CP] Copy Pods Resources";
			outputPaths = (
			);
			runOnlyForDeploymentPostprocessing = 0;
			shellPath = /bin/sh;
			shellScript = "\"${SRCROOT}/Pods/Target Support Files/Pods-HRM/Pods-HRM-resources.sh\"\n";
			showEnvVarsInLog = 0;
		};
		D9BABB4F9217BB8917A21359 /* [CP] Embed Pods Frameworks */ = {
			isa = PBXShellScriptBuildPhase;
			buildActionMask = 2147483647;
			files = (
			);
			inputPaths = (
			);
			name = "[CP] Embed Pods Frameworks";
			outputPaths = (
			);
			runOnlyForDeploymentPostprocessing = 0;
			shellPath = /bin/sh;
			shellScript = "\"${SRCROOT}/Pods/Target Support Files/Pods-HRM/Pods-HRM-frameworks.sh\"\n";
			showEnvVarsInLog = 0;
		};
/* End PBXShellScriptBuildPhase section */

/* Begin PBXSourcesBuildPhase section */
		706159C41D94231800D2530B /* Sources */ = {
			isa = PBXSourcesBuildPhase;
			buildActionMask = 2147483647;
			files = (
				706159D31D94231800D2530B /* ViewController.m in Sources */,
				706159D01D94231800D2530B /* AppDelegate.m in Sources */,
				706159CD1D94231800D2530B /* main.m in Sources */,
			);
			runOnlyForDeploymentPostprocessing = 0;
		};
/* End PBXSourcesBuildPhase section */

/* Begin PBXVariantGroup section */
		706159D91D94231800D2530B /* LaunchScreen.storyboard */ = {
			isa = PBXVariantGroup;
			children = (
				706159DA1D94231800D2530B /* Base */,
			);
			name = LaunchScreen.storyboard;
			sourceTree = "<group>";
		};
/* End PBXVariantGroup section */

/* Begin XCBuildConfiguration section */
		706159DD1D94231900D2530B /* Debug */ = {
			isa = XCBuildConfiguration;
			buildSettings = {
				ALWAYS_SEARCH_USER_PATHS = NO;
				CLANG_ANALYZER_NONNULL = YES;
				CLANG_CXX_LANGUAGE_STANDARD = "gnu++0x";
				CLANG_CXX_LIBRARY = "libc++";
				CLANG_ENABLE_MODULES = YES;
				CLANG_ENABLE_OBJC_ARC = YES;
				CLANG_WARN_BOOL_CONVERSION = YES;
				CLANG_WARN_CONSTANT_CONVERSION = YES;
				CLANG_WARN_DIRECT_OBJC_ISA_USAGE = YES_ERROR;
				CLANG_WARN_DOCUMENTATION_COMMENTS = YES;
				CLANG_WARN_EMPTY_BODY = YES;
				CLANG_WARN_ENUM_CONVERSION = YES;
				CLANG_WARN_INFINITE_RECURSION = YES;
				CLANG_WARN_INT_CONVERSION = YES;
				CLANG_WARN_OBJC_ROOT_CLASS = YES_ERROR;
				CLANG_WARN_SUSPICIOUS_MOVES = YES;
				CLANG_WARN_UNREACHABLE_CODE = YES;
				CLANG_WARN__DUPLICATE_METHOD_MATCH = YES;
				"CODE_SIGN_IDENTITY[sdk=iphoneos*]" = "iPhone Developer";
				COPY_PHASE_STRIP = NO;
				DEBUG_INFORMATION_FORMAT = dwarf;
				ENABLE_STRICT_OBJC_MSGSEND = YES;
				ENABLE_TESTABILITY = YES;
				GCC_C_LANGUAGE_STANDARD = gnu99;
				GCC_DYNAMIC_NO_PIC = NO;
				GCC_NO_COMMON_BLOCKS = YES;
				GCC_OPTIMIZATION_LEVEL = 0;
				GCC_PREPROCESSOR_DEFINITIONS = (
					"DEBUG=1",
					"$(inherited)",
				);
				GCC_WARN_64_TO_32_BIT_CONVERSION = YES;
				GCC_WARN_ABOUT_RETURN_TYPE = YES_ERROR;
				GCC_WARN_UNDECLARED_SELECTOR = YES;
				GCC_WARN_UNINITIALIZED_AUTOS = YES_AGGRESSIVE;
				GCC_WARN_UNUSED_FUNCTION = YES;
				GCC_WARN_UNUSED_VARIABLE = YES;
				IPHONEOS_DEPLOYMENT_TARGET = 10.0;
				MTL_ENABLE_DEBUG_INFO = YES;
				ONLY_ACTIVE_ARCH = YES;
				SDKROOT = iphoneos;
				TARGETED_DEVICE_FAMILY = "1,2";
			};
			name = Debug;
		};
		706159DE1D94231900D2530B /* Release */ = {
			isa = XCBuildConfiguration;
			buildSettings = {
				ALWAYS_SEARCH_USER_PATHS = NO;
				CLANG_ANALYZER_NONNULL = YES;
				CLANG_CXX_LANGUAGE_STANDARD = "gnu++0x";
				CLANG_CXX_LIBRARY = "libc++";
				CLANG_ENABLE_MODULES = YES;
				CLANG_ENABLE_OBJC_ARC = YES;
				CLANG_WARN_BOOL_CONVERSION = YES;
				CLANG_WARN_CONSTANT_CONVERSION = YES;
				CLANG_WARN_DIRECT_OBJC_ISA_USAGE = YES_ERROR;
				CLANG_WARN_DOCUMENTATION_COMMENTS = YES;
				CLANG_WARN_EMPTY_BODY = YES;
				CLANG_WARN_ENUM_CONVERSION = YES;
				CLANG_WARN_INFINITE_RECURSION = YES;
				CLANG_WARN_INT_CONVERSION = YES;
				CLANG_WARN_OBJC_ROOT_CLASS = YES_ERROR;
				CLANG_WARN_SUSPICIOUS_MOVES = YES;
				CLANG_WARN_UNREACHABLE_CODE = YES;
				CLANG_WARN__DUPLICATE_METHOD_MATCH = YES;
				"CODE_SIGN_IDENTITY[sdk=iphoneos*]" = "iPhone Developer";
				COPY_PHASE_STRIP = NO;
				DEBUG_INFORMATION_FORMAT = "dwarf-with-dsym";
				ENABLE_NS_ASSERTIONS = NO;
				ENABLE_STRICT_OBJC_MSGSEND = YES;
				GCC_C_LANGUAGE_STANDARD = gnu99;
				GCC_NO_COMMON_BLOCKS = YES;
				GCC_WARN_64_TO_32_BIT_CONVERSION = YES;
				GCC_WARN_ABOUT_RETURN_TYPE = YES_ERROR;
				GCC_WARN_UNDECLARED_SELECTOR = YES;
				GCC_WARN_UNINITIALIZED_AUTOS = YES_AGGRESSIVE;
				GCC_WARN_UNUSED_FUNCTION = YES;
				GCC_WARN_UNUSED_VARIABLE = YES;
				IPHONEOS_DEPLOYMENT_TARGET = 10.0;
				MTL_ENABLE_DEBUG_INFO = NO;
				SDKROOT = iphoneos;
				TARGETED_DEVICE_FAMILY = "1,2";
				VALIDATE_PRODUCT = YES;
			};
			name = Release;
		};
		706159E01D94231900D2530B /* Debug */ = {
			isa = XCBuildConfiguration;
			baseConfigurationReference = 9C326C437B5E56D3CFD3D639 /* Pods-HRM.debug.xcconfig */;
			buildSettings = {
				ASSETCATALOG_COMPILER_APPICON_NAME = AppIcon;
				"CODE_SIGN_IDENTITY[sdk=iphoneos*]" = "iPhone Developer";
				DEVELOPMENT_TEAM = "";
				INFOPLIST_FILE = HRM/Info.plist;
				LD_RUNPATH_SEARCH_PATHS = "$(inherited) @executable_path/Frameworks";
				PRODUCT_BUNDLE_IDENTIFIER = com.JimSu.HRM;
				PRODUCT_NAME = "$(TARGET_NAME)";
			};
			name = Debug;
		};
		706159E11D94231900D2530B /* Release */ = {
			isa = XCBuildConfiguration;
			baseConfigurationReference = C4F51A188CFDA3104D88D8D6 /* Pods-HRM.release.xcconfig */;
			buildSettings = {
				ASSETCATALOG_COMPILER_APPICON_NAME = AppIcon;
				"CODE_SIGN_IDENTITY[sdk=iphoneos*]" = "iPhone Developer";
				DEVELOPMENT_TEAM = "";
				INFOPLIST_FILE = HRM/Info.plist;
				LD_RUNPATH_SEARCH_PATHS = "$(inherited) @executable_path/Frameworks";
				PRODUCT_BUNDLE_IDENTIFIER = com.JimSu.HRM;
				PRODUCT_NAME = "$(TARGET_NAME)";
			};
			name = Release;
		};
/* End XCBuildConfiguration section */

/* Begin XCConfigurationList section */
		706159C31D94231800D2530B /* Build configuration list for PBXProject "HRM" */ = {
			isa = XCConfigurationList;
			buildConfigurations = (
				706159DD1D94231900D2530B /* Debug */,
				706159DE1D94231900D2530B /* Release */,
			);
			defaultConfigurationIsVisible = 0;
			defaultConfigurationName = Release;
		};
		706159DF1D94231900D2530B /* Build configuration list for PBXNativeTarget "HRM" */ = {
			isa = XCConfigurationList;
			buildConfigurations = (
				706159E01D94231900D2530B /* Debug */,
				706159E11D94231900D2530B /* Release */,
			);
			defaultConfigurationIsVisible = 0;
			defaultConfigurationName = Release;
		};
/* End XCConfigurationList section */
	};
	rootObject = 706159C01D94231800D2530B /* Project object */;
}
